
Microsoft Visual Studio Solution File, Format Version 12.00
# Visual Studio 15
VisualStudioVersion = 15.0.27428.2037
MinimumVisualStudioVersion = 10.0.40219.1
Project("{FAE04EC0-301F-11D3-BF4B-00C04F79EFBC}") = "WebAppScaffolding", "WebAppScaffolding\WebAppScaffolding.csproj", "{5DE608D0-1E12-4ADD-8292-CA6B4A92FF9A}"
EndProject
Global
	GlobalSection(SolutionConfigurationPlatforms) = preSolution
		Debug|Any CPU = Debug|Any CPU
		Release|Any CPU = Release|Any CPU
	EndGlobalSection
	GlobalSection(ProjectConfigurationPlatforms) = postSolution
		{5DE608D0-1E12-4ADD-8292-CA6B4A92FF9A}.Debug|Any CPU.ActiveCfg = Debug|Any CPU
		{5DE608D0-1E12-4ADD-8292-CA6B4A92FF9A}.Debug|Any CPU.Build.0 = Debug|Any CPU
		{5DE608D0-1E12-4ADD-8292-CA6B4A92FF9A}.Release|Any CPU.ActiveCfg = Release|Any CPU
		{5DE608D0-1E12-4ADD-8292-CA6B4A92FF9A}.Release|Any CPU.Build.0 = Release|Any CPU
	EndGlobalSection
	GlobalSection(SolutionProperties) = preSolution
		HideSolutionNode = FALSE
	EndGlobalSection
	GlobalSection(ExtensibilityGlobals) = postSolution
		SolutionGuid = {72A8E14C-7A68-49FF-9183-969320776CDF}
	EndGlobalSection
EndGlobal
